
Microsoft Visual Studio Solution File, Format Version 12.00
# Visual Studio Version 16
VisualStudioVersion = 16.0.31321.278
MinimumVisualStudioVersion = 10.0.40219.1
Project("{FAE04EC0-301F-11D3-BF4B-00C04F79EFBC}") = "FileShareProcessor", "FileShareProcessor\FileShareProcessor.csproj", "{7FA89B90-E570-415F-9F52-B7E59608CC72}"
EndProject
Project("{FAE04EC0-301F-11D3-BF4B-00C04F79EFBC}") = "FileShareProcessor.Service", "FileShareProcessor.Service\FileShareProcessor.Service.csproj", "{E60D4A72-78C4-4331-8A72-B4B7E1260508}"
EndProject
Project("{FAE04EC0-301F-11D3-BF4B-00C04F79EFBC}") = "FileShareProcessor.Service.Test", "FileShareProcessor.Service.Test\FileShareProcessor.Service.Test.csproj", "{DD88FBE2-9FA4-4F47-983F-55A3C695793F}"
EndProject
Project("{2150E333-8FDC-42A3-9474-1A3956D46DE8}") = "Solution Items", "Solution Items", "{8EB42CE6-418F-4557-A7B0-2BFE1E2C17E0}"
	ProjectSection(SolutionItems) = preProject
		README.md = README.md
	EndProjectSection
EndProject
Global
	GlobalSection(SolutionConfigurationPlatforms) = preSolution
		Debug|Any CPU = Debug|Any CPU
		Release|Any CPU = Release|Any CPU
	EndGlobalSection
	GlobalSection(ProjectConfigurationPlatforms) = postSolution
		{7FA89B90-E570-415F-9F52-B7E59608CC72}.Debug|Any CPU.ActiveCfg = Debug|Any CPU
		{7FA89B90-E570-415F-9F52-B7E59608CC72}.Debug|Any CPU.Build.0 = Debug|Any CPU
		{7FA89B90-E570-415F-9F52-B7E59608CC72}.Release|Any CPU.ActiveCfg = Release|Any CPU
		{7FA89B90-E570-415F-9F52-B7E59608CC72}.Release|Any CPU.Build.0 = Release|Any CPU
		{E60D4A72-78C4-4331-8A72-B4B7E1260508}.Debug|Any CPU.ActiveCfg = Debug|Any CPU
		{E60D4A72-78C4-4331-8A72-B4B7E1260508}.Debug|Any CPU.Build.0 = Debug|Any CPU
		{E60D4A72-78C4-4331-8A72-B4B7E1260508}.Release|Any CPU.ActiveCfg = Release|Any CPU
		{E60D4A72-78C4-4331-8A72-B4B7E1260508}.Release|Any CPU.Build.0 = Release|Any CPU
		{DD88FBE2-9FA4-4F47-983F-55A3C695793F}.Debug|Any CPU.ActiveCfg = Debug|Any CPU
		{DD88FBE2-9FA4-4F47-983F-55A3C695793F}.Debug|Any CPU.Build.0 = Debug|Any CPU
		{DD88FBE2-9FA4-4F47-983F-55A3C695793F}.Release|Any CPU.ActiveCfg = Release|Any CPU
		{DD88FBE2-9FA4-4F47-983F-55A3C695793F}.Release|Any CPU.Build.0 = Release|Any CPU
	EndGlobalSection
	GlobalSection(SolutionProperties) = preSolution
		HideSolutionNode = FALSE
	EndGlobalSection
	GlobalSection(ExtensibilityGlobals) = postSolution
		SolutionGuid = {42D1AC64-4335-4366-A26C-12D98A8D2440}
	EndGlobalSection
EndGlobal
